# This file is automatically @generated by Cargo.
# It is not intended for manual editing.
[[package]]
name = "cdl-bench"
version = "0.1.0"
dependencies = [
 "cdl-core 0.1.0",
]

[[package]]
name = "cdl-cli"
version = "0.1.0"
dependencies = [
 "cdl-core 0.1.0",
]

[[package]]
name = "cdl-core"
version = "0.1.0"

